
Microsoft Visual Studio Solution File, Format Version 12.00
# Visual Studio 15
VisualStudioVersion = 15.0.27428.2005
MinimumVisualStudioVersion = 10.0.40219.1
Project("{FAE04EC0-301F-11D3-BF4B-00C04F79EFBC}") = "TripPinWpf", "TripPinWpf\TripPinWpf.csproj", "{2741D949-CDD1-4A4F-BBF8-6AFA4DB24D4B}"
EndProject
Global
	GlobalSection(SolutionConfigurationPlatforms) = preSolution
		Debug|Any CPU = Debug|Any CPU
		Release|Any CPU = Release|Any CPU
	EndGlobalSection
	GlobalSection(ProjectConfigurationPlatforms) = postSolution
		{2741D949-CDD1-4A4F-BBF8-6AFA4DB24D4B}.Debug|Any CPU.ActiveCfg = Debug|Any CPU
		{2741D949-CDD1-4A4F-BBF8-6AFA4DB24D4B}.Debug|Any CPU.Build.0 = Debug|Any CPU
		{2741D949-CDD1-4A4F-BBF8-6AFA4DB24D4B}.Release|Any CPU.ActiveCfg = Release|Any CPU
		{2741D949-CDD1-4A4F-BBF8-6AFA4DB24D4B}.Release|Any CPU.Build.0 = Release|Any CPU
	EndGlobalSection
	GlobalSection(SolutionProperties) = preSolution
		HideSolutionNode = FALSE
	EndGlobalSection
	GlobalSection(ExtensibilityGlobals) = postSolution
		SolutionGuid = {34FF0E3E-7172-414F-8FDC-172FFEF889A9}
	EndGlobalSection
EndGlobal
